{
  "nodes": {
    "flake-parts": {
      "inputs": {
        "nixpkgs-lib": [
          "nixpkgs-review",
          "nixpkgs"
        ]
      },
      "locked": {
        "lastModified": 1756770412,
        "narHash": "sha256-+uWLQZccFHwqpGqr2Yt5VsW/PbeJVTn9Dk6SHWhNRPw=",
        "owner": "hercules-ci",
        "repo": "flake-parts",
        "rev": "4524271976b625a4a605beefd893f270620fd751",
        "type": "github"
      },
      "original": {
        "owner": "hercules-ci",
        "repo": "flake-parts",
        "type": "github"
      }
    },
    "nixpkgs": {
      "locked": {
        "lastModified": 1760872779,
        "narHash": "sha256-c5C907Raf9eY8f1NUXYeju9aUDlm227s/V0OptEbypA=",
        "owner": "NixOS",
        "repo": "nixpkgs",
        "rev": "63bdb5d90fa2fa11c42f9716ad1e23565613b07c",
        "type": "github"
      },
      "original": {
        "owner": "NixOS",
        "ref": "nixpkgs-unstable",
        "repo": "nixpkgs",
        "type": "github"
      }
    },
    "nixpkgs-review": {
      "inputs": {
        "flake-parts": "flake-parts",
        "nixpkgs": "nixpkgs_2",
        "treefmt-nix": "treefmt-nix"
      },
      "locked": {
        "lastModified": 1760209076,
        "narHash": "sha256-bw8iRE+P54WiMvI7fAl52QLSjYb8LU4hqJT0Nc3Xt48=",
        "owner": "Mic92",
        "repo": "nixpkgs-review",
        "rev": "31380da91b8f6be2b2e30f42047e2a3ebb68e024",
        "type": "github"
      },
      "original": {
        "owner": "Mic92",
        "repo": "nixpkgs-review",
        "type": "github"
      }
    },
    "nixpkgs_2": {
      "locked": {
        "lastModified": 1758294315,
        "narHash": "sha256-H+C4c+jKCZpSJHODHFaY6b2ciB3Hv00V5QKA7yUVtis=",
        "owner": "NixOS",
        "repo": "nixpkgs",
        "rev": "90ade7da38aa49c2e2693a04a44662a0e61530e9",
        "type": "github"
      },
      "original": {
        "owner": "NixOS",
        "ref": "nixpkgs-unstable",
        "repo": "nixpkgs",
        "type": "github"
      }
    },
    "root": {
      "inputs": {
        "nixpkgs": "nixpkgs",
        "nixpkgs-review": "nixpkgs-review"
      }
    },
    "treefmt-nix": {
      "inputs": {
        "nixpkgs": [
          "nixpkgs-review",
          "nixpkgs"
        ]
      },
      "locked": {
        "lastModified": 1758206697,
        "narHash": "sha256-/DbPkh6PZOgfueCbs3uzlk4ASU2nPPsiVWhpMCNkAd0=",
        "owner": "numtide",
        "repo": "treefmt-nix",
        "rev": "128222dc911b8e2e18939537bed1762b7f3a04aa",
        "type": "github"
      },
      "original": {
        "owner": "numtide",
        "repo": "treefmt-nix",
        "type": "github"
      }
    }
  },
  "root": "root",
  "version": 7
}
